%{"bypass": {:hex, :bypass, "0.5.0", "8c88e7eb679894c397be5cfb8a671c2a79ea17bb5094a72ab2fef1fd6207c995", [:mix], [{:cowboy, "~> 1.0.0", [hex: :cowboy, repo: "hexpm", optional: false]}, {:plug, "~> 1.0.0", [hex: :plug, repo: "hexpm", optional: false]}], "hexpm"},
  "certifi": {:hex, :certifi, "0.3.0", "389d4b126a47895fe96d65fcf8681f4d09eca1153dc2243ed6babad0aac1e763", [:rebar3], [], "hexpm"},
  "cowboy": {:hex, :cowboy, "1.0.4", "a324a8df9f2316c833a470d918aaf73ae894278b8aa6226ce7a9bf699388f878", [:make, :rebar], [{:cowlib, "~> 1.0.0", [hex: :cowlib, repo: "hexpm", optional: false]}, {:ranch, "~> 1.0", [hex: :ranch, repo: "hexpm", optional: false]}], "hexpm"},
  "cowlib": {:hex, :cowlib, "1.0.2", "9d769a1d062c9c3ac753096f868ca121e2730b9a377de23dec0f7e08b1df84ee", [:make], [], "hexpm"},
  "hackney": {:hex, :hackney, "1.4.7", "fcca8e6ba215de6225cc9b56230a3ef441ddaee05d963a39b56ca7b064026342", [:rebar3], [{:certifi, "0.3.0", [hex: :certifi, repo: "hexpm", optional: false]}, {:idna, "1.0.2", [hex: :idna, repo: "hexpm", optional: false]}, {:mimerl, "1.0.2", [hex: :mimerl, repo: "hexpm", optional: false]}, {:ssl_verify_hostname, "1.0.5", [hex: :ssl_verify_hostname, repo: "hexpm", optional: false]}], "hexpm"},
  "httpoison": {:hex, :httpoison, "0.8.0", "52a958d40b2aa46da418cdf6d8dfd82ba83e94d5e60920dfa5f40c05b34fe073", [:mix], [{:hackney, "~> 1.4.4", [hex: :hackney, repo: "hexpm", optional: false]}], "hexpm"},
  "idna": {:hex, :idna, "1.0.2", "397e3d001c002319da75759b0a81156bf11849c71d565162436d50020cb7265e", [:make], [], "hexpm"},
  "meck": {:hex, :meck, "0.8.4"},
  "mimerl": {:hex, :mimerl, "1.0.2", "993f9b0e084083405ed8252b99460c4f0563e41729ab42d9074fd5e52439be88", [:rebar3], [], "hexpm"},
  "mock": {:hex, :mock, "0.1.1"},
  "plug": {:hex, :plug, "1.0.3", "8bbcbdaa4cb15170b9a15cb12153e8a6d9e176ce78e4c1990ea0b505b0ca24a0", [:mix], [{:cowboy, "~> 1.0", [hex: :cowboy, repo: "hexpm", optional: true]}], "hexpm"},
  "poison": {:hex, :poison, "1.5.0", "f2f4f460623a6f154683abae34352525e1d918380267cdbd949a07ba57503248", [:mix], [], "hexpm"},
  "ranch": {:hex, :ranch, "1.2.0", "b286a948a0706a700a9f577e5cecbb2dc66097ea79f3ddb20ba5536069bdb7aa", [:make], [], "hexpm"},
  "ssl_verify_hostname": {:hex, :ssl_verify_hostname, "1.0.5", "2e73e068cd6393526f9fa6d399353d7c9477d6886ba005f323b592d389fb47be", [:make], [], "hexpm"}}
